
Microsoft Visual Studio Solution File, Format Version 12.00
# Visual Studio Version 16
VisualStudioVersion = 16.0.28917.181
MinimumVisualStudioVersion = 10.0.40219.1
Project("{FAE04EC0-301F-11D3-BF4B-00C04F79EFBC}") = "PapaNoEl", "PapaNoEl\PapaNoEl.csproj", "{A75606D5-7F87-4E90-8F53-002D9F4BD8AB}"
EndProject
Global
	GlobalSection(SolutionConfigurationPlatforms) = preSolution
		Debug|Any CPU = Debug|Any CPU
		Release|Any CPU = Release|Any CPU
	EndGlobalSection
	GlobalSection(ProjectConfigurationPlatforms) = postSolution
		{A75606D5-7F87-4E90-8F53-002D9F4BD8AB}.Debug|Any CPU.ActiveCfg = Debug|Any CPU
		{A75606D5-7F87-4E90-8F53-002D9F4BD8AB}.Debug|Any CPU.Build.0 = Debug|Any CPU
		{A75606D5-7F87-4E90-8F53-002D9F4BD8AB}.Release|Any CPU.ActiveCfg = Release|Any CPU
		{A75606D5-7F87-4E90-8F53-002D9F4BD8AB}.Release|Any CPU.Build.0 = Release|Any CPU
	EndGlobalSection
	GlobalSection(SolutionProperties) = preSolution
		HideSolutionNode = FALSE
	EndGlobalSection
	GlobalSection(ExtensibilityGlobals) = postSolution
		SolutionGuid = {0F0CBF0A-5C8E-4FDE-AA49-62CA72719602}
	EndGlobalSection
EndGlobal
